// !$*UTF8*$!
{
	archiveVersion = 1;
	classes = {
	};
	objectVersion = 50;
	objects = {

/* Begin PBXBuildFile section */
		3D1577CC2179225A00FCA972 /* AppDelegate.swift in Sources */ = {isa = PBXBuildFile; fileRef = 3D1577CB2179225A00FCA972 /* AppDelegate.swift */; };
		3D1577CE2179225A00FCA972 /* ViewController.swift in Sources */ = {isa = PBXBuildFile; fileRef = 3D1577CD2179225A00FCA972 /* ViewController.swift */; };
		3D1577D12179225A00FCA972 /* Main.storyboard in Resources */ = {isa = PBXBuildFile; fileRef = 3D1577CF2179225A00FCA972 /* Main.storyboard */; };
		3D1577D32179226C00FCA972 /* Assets.xcassets in Resources */ = {isa = PBXBuildFile; fileRef = 3D1577D22179226C00FCA972 /* Assets.xcassets */; };
		3D1577D62179226C00FCA972 /* LaunchScreen.storyboard in Resources */ = {isa = PBXBuildFile; fileRef = 3D1577D42179226C00FCA972 /* LaunchScreen.storyboard */; };
		3D1577E12179226C00FCA972 /* ClimaBetinTests.swift in Sources */ = {isa = PBXBuildFile; fileRef = 3D1577E02179226C00FCA972 /* ClimaBetinTests.swift */; };
		3D1577EC2179226C00FCA972 /* ClimaBetinUITests.swift in Sources */ = {isa = PBXBuildFile; fileRef = 3D1577EB2179226C00FCA972 /* ClimaBetinUITests.swift */; };
/* End PBXBuildFile section */

/* Begin PBXContainerItemProxy section */
		3D1577DD2179226C00FCA972 /* PBXContainerItemProxy */ = {
			isa = PBXContainerItemProxy;
			containerPortal = 3D1577C02179225900FCA972 /* Project object */;
			proxyType = 1;
			remoteGlobalIDString = 3D1577C72179225A00FCA972;
			remoteInfo = ClimaBetin;
		};
		3D1577E82179226C00FCA972 /* PBXContainerItemProxy */ = {
			isa = PBXContainerItemProxy;
			containerPortal = 3D1577C02179225900FCA972 /* Project object */;
			proxyType = 1;
			remoteGlobalIDString = 3D1577C72179225A00FCA972;
			remoteInfo = ClimaBetin;
		};
/* End PBXContainerItemProxy section */

/* Begin PBXFileReference section */
		3D1577C82179225A00FCA972 /* ClimaBetin.app */ = {isa = PBXFileReference; explicitFileType = wrapper.application; includeInIndex = 0; path = ClimaBetin.app; sourceTree = BUILT_PRODUCTS_DIR; };
		3D1577CB2179225A00FCA972 /* AppDelegate.swift */ = {isa = PBXFileReference; lastKnownFileType = sourcecode.swift; path = AppDelegate.swift; sourceTree = "<group>"; };
		3D1577CD2179225A00FCA972 /* ViewController.swift */ = {isa = PBXFileReference; lastKnownFileType = sourcecode.swift; path = ViewController.swift; sourceTree = "<group>"; };
		3D1577D02179225A00FCA972 /* Base */ = {isa = PBXFileReference; lastKnownFileType = file.storyboard; name = Base; path = Base.lproj/Main.storyboard; sourceTree = "<group>"; };
		3D1577D22179226C00FCA972 /* Assets.xcassets */ = {isa = PBXFileReference; lastKnownFileType = folder.assetcatalog; path = Assets.xcassets; sourceTree = "<group>"; };
		3D1577D52179226C00FCA972 /* Base */ = {isa = PBXFileReference; lastKnownFileType = file.storyboard; name = Base; path = Base.lproj/LaunchScreen.storyboard; sourceTree = "<group>"; };
		3D1577D72179226C00FCA972 /* Info.plist */ = {isa = PBXFileReference; lastKnownFileType = text.plist.xml; path = Info.plist; sourceTree = "<group>"; };
		3D1577DC2179226C00FCA972 /* ClimaBetinTests.xctest */ = {isa = PBXFileReference; explicitFileType = wrapper.cfbundle; includeInIndex = 0; path = ClimaBetinTests.xctest; sourceTree = BUILT_PRODUCTS_DIR; };
		3D1577E02179226C00FCA972 /* ClimaBetinTests.swift */ = {isa = PBXFileReference; lastKnownFileType = sourcecode.swift; path = ClimaBetinTests.swift; sourceTree = "<group>"; };
		3D1577E22179226C00FCA972 /* Info.plist */ = {isa = PBXFileReference; lastKnownFileType = text.plist.xml; path = Info.plist; sourceTree = "<group>"; };
		3D1577E72179226C00FCA972 /* ClimaBetinUITests.xctest */ = {isa = PBXFileReference; explicitFileType = wrapper.cfbundle; includeInIndex = 0; path = ClimaBetinUITests.xctest; sourceTree = BUILT_PRODUCTS_DIR; };
		3D1577EB2179226C00FCA972 /* ClimaBetinUITests.swift */ = {isa = PBXFileReference; lastKnownFileType = sourcecode.swift; path = ClimaBetinUITests.swift; sourceTree = "<group>"; };
		3D1577ED2179226C00FCA972 /* Info.plist */ = {isa = PBXFileReference; lastKnownFileType = text.plist.xml; path = Info.plist; sourceTree = "<group>"; };
/* End PBXFileReference section */

/* Begin PBXFrameworksBuildPhase section */
		3D1577C52179225A00FCA972 /* Frameworks */ = {
			isa = PBXFrameworksBuildPhase;
			buildActionMask = 2147483647;
			files = (
			);
			runOnlyForDeploymentPostprocessing = 0;
		};
		3D1577D92179226C00FCA972 /* Frameworks */ = {
			isa = PBXFrameworksBuildPhase;
			buildActionMask = 2147483647;
			files = (
			);
			runOnlyForDeploymentPostprocessing = 0;
		};
		3D1577E42179226C00FCA972 /* Frameworks */ = {
			isa = PBXFrameworksBuildPhase;
			buildActionMask = 2147483647;
			files = (
			);
			runOnlyForDeploymentPostprocessing = 0;
		};
/* End PBXFrameworksBuildPhase section */

/* Begin PBXGroup section */
		3D1577BF2179225900FCA972 = {
			isa = PBXGroup;
			children = (
				3D1577CA2179225A00FCA972 /* ClimaBetin */,
				3D1577DF2179226C00FCA972 /* ClimaBetinTests */,
				3D1577EA2179226C00FCA972 /* ClimaBetinUITests */,
				3D1577C92179225A00FCA972 /* Products */,
			);
			sourceTree = "<group>";
		};
		3D1577C92179225A00FCA972 /* Products */ = {
			isa = PBXGroup;
			children = (
				3D1577C82179225A00FCA972 /* ClimaBetin.app */,
				3D1577DC2179226C00FCA972 /* ClimaBetinTests.xctest */,
				3D1577E72179226C00FCA972 /* ClimaBetinUITests.xctest */,
			);
			name = Products;
			sourceTree = "<group>";
		};
		3D1577CA2179225A00FCA972 /* ClimaBetin */ = {
			isa = PBXGroup;
			children = (
				3D1577CB2179225A00FCA972 /* AppDelegate.swift */,
				3D1577CD2179225A00FCA972 /* ViewController.swift */,
				3D1577CF2179225A00FCA972 /* Main.storyboard */,
				3D1577D22179226C00FCA972 /* Assets.xcassets */,
				3D1577D42179226C00FCA972 /* LaunchScreen.storyboard */,
				3D1577D72179226C00FCA972 /* Info.plist */,
			);
			path = ClimaBetin;
			sourceTree = "<group>";
		};
		3D1577DF2179226C00FCA972 /* ClimaBetinTests */ = {
			isa = PBXGroup;
			children = (
				3D1577E02179226C00FCA972 /* ClimaBetinTests.swift */,
				3D1577E22179226C00FCA972 /* Info.plist */,
			);
			path = ClimaBetinTests;
			sourceTree = "<group>";
		};
		3D1577EA2179226C00FCA972 /* ClimaBetinUITests */ = {
			isa = PBXGroup;
			children = (
				3D1577EB2179226C00FCA972 /* ClimaBetinUITests.swift */,
				3D1577ED2179226C00FCA972 /* Info.plist */,
			);
			path = ClimaBetinUITests;
			sourceTree = "<group>";
		};
/* End PBXGroup section */

/* Begin PBXNativeTarget section */
		3D1577C72179225A00FCA972 /* ClimaBetin */ = {
			isa = PBXNativeTarget;
			buildConfigurationList = 3D1577F02179226C00FCA972 /* Build configuration list for PBXNativeTarget "ClimaBetin" */;
			buildPhases = (
				3D1577C42179225A00FCA972 /* Sources */,
				3D1577C52179225A00FCA972 /* Frameworks */,
				3D1577C62179225A00FCA972 /* Resources */,
			);
			buildRules = (
			);
			dependencies = (
			);
			name = ClimaBetin;
			productName = ClimaBetin;
			productReference = 3D1577C82179225A00FCA972 /* ClimaBetin.app */;
			productType = "com.apple.product-type.application";
		};
		3D1577DB2179226C00FCA972 /* ClimaBetinTests */ = {
			isa = PBXNativeTarget;
			buildConfigurationList = 3D1577F32179226C00FCA972 /* Build configuration list for PBXNativeTarget "ClimaBetinTests" */;
			buildPhases = (
				3D1577D82179226C00FCA972 /* Sources */,
				3D1577D92179226C00FCA972 /* Frameworks */,
				3D1577DA2179226C00FCA972 /* Resources */,
			);
			buildRules = (
			);
			dependencies = (
				3D1577DE2179226C00FCA972 /* PBXTargetDependency */,
			);
			name = ClimaBetinTests;
			productName = ClimaBetinTests;
			productReference = 3D1577DC2179226C00FCA972 /* ClimaBetinTests.xctest */;
			productType = "com.apple.product-type.bundle.unit-test";
		};
		3D1577E62179226C00FCA972 /* ClimaBetinUITests */ = {
			isa = PBXNativeTarget;
			buildConfigurationList = 3D1577F62179226C00FCA972 /* Build configuration list for PBXNativeTarget "ClimaBetinUITests" */;
			buildPhases = (
				3D1577E32179226C00FCA972 /* Sources */,
				3D1577E42179226C00FCA972 /* Frameworks */,
				3D1577E52179226C00FCA972 /* Resources */,
			);
			buildRules = (
			);
			dependencies = (
				3D1577E92179226C00FCA972 /* PBXTargetDependency */,
			);
			name = ClimaBetinUITests;
			productName = ClimaBetinUITests;
			productReference = 3D1577E72179226C00FCA972 /* ClimaBetinUITests.xctest */;
			productType = "com.apple.product-type.bundle.ui-testing";
		};
/* End PBXNativeTarget section */

/* Begin PBXProject section */
		3D1577C02179225900FCA972 /* Project object */ = {
			isa = PBXProject;
			attributes = {
				LastSwiftUpdateCheck = 0940;
				LastUpgradeCheck = 0940;
				ORGANIZATIONNAME = Alumno;
				TargetAttributes = {
					3D1577C72179225A00FCA972 = {
						CreatedOnToolsVersion = 9.4.1;
					};
					3D1577DB2179226C00FCA972 = {
						CreatedOnToolsVersion = 9.4.1;
						TestTargetID = 3D1577C72179225A00FCA972;
					};
					3D1577E62179226C00FCA972 = {
						CreatedOnToolsVersion = 9.4.1;
						TestTargetID = 3D1577C72179225A00FCA972;
					};
				};
			};
			buildConfigurationList = 3D1577C32179225A00FCA972 /* Build configuration list for PBXProject "ClimaBetin" */;
			compatibilityVersion = "Xcode 9.3";
			developmentRegion = en;
			hasScannedForEncodings = 0;
			knownRegions = (
				en,
				Base,
			);
			mainGroup = 3D1577BF2179225900FCA972;
			productRefGroup = 3D1577C92179225A00FCA972 /* Products */;
			projectDirPath = "";
			projectRoot = "";
			targets = (
				3D1577C72179225A00FCA972 /* ClimaBetin */,
				3D1577DB2179226C00FCA972 /* ClimaBetinTests */,
				3D1577E62179226C00FCA972 /* ClimaBetinUITests */,
			);
		};
/* End PBXProject section */

/* Begin PBXResourcesBuildPhase section */
		3D1577C62179225A00FCA972 /* Resources */ = {
			isa = PBXResourcesBuildPhase;
			buildActionMask = 2147483647;
			files = (
				3D1577D62179226C00FCA972 /* LaunchScreen.storyboard in Resources */,
				3D1577D32179226C00FCA972 /* Assets.xcassets in Resources */,
				3D1577D12179225A00FCA972 /* Main.storyboard in Resources */,
			);
			runOnlyForDeploymentPostprocessing = 0;
		};
		3D1577DA2179226C00FCA972 /* Resources */ = {
			isa = PBXResourcesBuildPhase;
			buildActionMask = 2147483647;
			files = (
			);
			runOnlyForDeploymentPostprocessing = 0;
		};
		3D1577E52179226C00FCA972 /* Resources */ = {
			isa = PBXResourcesBuildPhase;
			buildActionMask = 2147483647;
			files = (
			);
			runOnlyForDeploymentPostprocessing = 0;
		};
/* End PBXResourcesBuildPhase section */

/* Begin PBXSourcesBuildPhase section */
		3D1577C42179225A00FCA972 /* Sources */ = {
			isa = PBXSourcesBuildPhase;
			buildActionMask = 2147483647;
			files = (
				3D1577CE2179225A00FCA972 /* ViewController.swift in Sources */,
				3D1577CC2179225A00FCA972 /* AppDelegate.swift in Sources */,
			);
			runOnlyForDeploymentPostprocessing = 0;
		};
		3D1577D82179226C00FCA972 /* Sources */ = {
			isa = PBXSourcesBuildPhase;
			buildActionMask = 2147483647;
			files = (
				3D1577E12179226C00FCA972 /* ClimaBetinTests.swift in Sources */,
			);
			runOnlyForDeploymentPostprocessing = 0;
		};
		3D1577E32179226C00FCA972 /* Sources */ = {
			isa = PBXSourcesBuildPhase;
			buildActionMask = 2147483647;
			files = (
				3D1577EC2179226C00FCA972 /* ClimaBetinUITests.swift in Sources */,
			);
			runOnlyForDeploymentPostprocessing = 0;
		};
/* End PBXSourcesBuildPhase section */

/* Begin PBXTargetDependency section */
		3D1577DE2179226C00FCA972 /* PBXTargetDependency */ = {
			isa = PBXTargetDependency;
			target = 3D1577C72179225A00FCA972 /* ClimaBetin */;
			targetProxy = 3D1577DD2179226C00FCA972 /* PBXContainerItemProxy */;
		};
		3D1577E92179226C00FCA972 /* PBXTargetDependency */ = {
			isa = PBXTargetDependency;
			target = 3D1577C72179225A00FCA972 /* ClimaBetin */;
			targetProxy = 3D1577E82179226C00FCA972 /* PBXContainerItemProxy */;
		};
/* End PBXTargetDependency section */

/* Begin PBXVariantGroup section */
		3D1577CF2179225A00FCA972 /* Main.storyboard */ = {
			isa = PBXVariantGroup;
			children = (
				3D1577D02179225A00FCA972 /* Base */,
			);
			name = Main.storyboard;
			sourceTree = "<group>";
		};
		3D1577D42179226C00FCA972 /* LaunchScreen.storyboard */ = {
			isa = PBXVariantGroup;
			children = (
				3D1577D52179226C00FCA972 /* Base */,
			);
			name = LaunchScreen.storyboard;
			sourceTree = "<group>";
		};
/* End PBXVariantGroup section */

/* Begin XCBuildConfiguration section */
		3D1577EE2179226C00FCA972 /* Debug */ = {
			isa = XCBuildConfiguration;
			buildSettings = {
				ALWAYS_SEARCH_USER_PATHS = NO;
				CLANG_ANALYZER_NONNULL = YES;
				CLANG_ANALYZER_NUMBER_OBJECT_CONVERSION = YES_AGGRESSIVE;
				CLANG_CXX_LANGUAGE_STANDARD = "gnu++14";
				CLANG_CXX_LIBRARY = "libc++";
				CLANG_ENABLE_MODULES = YES;
				CLANG_ENABLE_OBJC_ARC = YES;
				CLANG_ENABLE_OBJC_WEAK = YES;
				CLANG_WARN_BLOCK_CAPTURE_AUTORELEASING = YES;
				CLANG_WARN_BOOL_CONVERSION = YES;
				CLANG_WARN_COMMA = YES;
				CLANG_WARN_CONSTANT_CONVERSION = YES;
				CLANG_WARN_DEPRECATED_OBJC_IMPLEMENTATIONS = YES;
				CLANG_WARN_DIRECT_OBJC_ISA_USAGE = YES_ERROR;
				CLANG_WARN_DOCUMENTATION_COMMENTS = YES;
				CLANG_WARN_EMPTY_BODY = YES;
				CLANG_WARN_ENUM_CONVERSION = YES;
				CLANG_WARN_INFINITE_RECURSION = YES;
				CLANG_WARN_INT_CONVERSION = YES;
				CLANG_WARN_NON_LITERAL_NULL_CONVERSION = YES;
				CLANG_WARN_OBJC_IMPLICIT_RETAIN_SELF = YES;
				CLANG_WARN_OBJC_LITERAL_CONVERSION = YES;
				CLANG_WARN_OBJC_ROOT_CLASS = YES_ERROR;
				CLANG_WARN_RANGE_LOOP_ANALYSIS = YES;
				CLANG_WARN_STRICT_PROTOTYPES = YES;
				CLANG_WARN_SUSPICIOUS_MOVE = YES;
				CLANG_WARN_UNGUARDED_AVAILABILITY = YES_AGGRESSIVE;
				CLANG_WARN_UNREACHABLE_CODE = YES;
				CLANG_WARN__DUPLICATE_METHOD_MATCH = YES;
				CODE_SIGN_IDENTITY = "iPhone Developer";
				COPY_PHASE_STRIP = NO;
				DEBUG_INFORMATION_FORMAT = dwarf;
				ENABLE_STRICT_OBJC_MSGSEND = YES;
				ENABLE_TESTABILITY = YES;
				GCC_C_LANGUAGE_STANDARD = gnu11;
				GCC_DYNAMIC_NO_PIC = NO;
				GCC_NO_COMMON_BLOCKS = YES;
				GCC_OPTIMIZATION_LEVEL = 0;
				GCC_PREPROCESSOR_DEFINITIONS = (
					"DEBUG=1",
					"$(inherited)",
				);
				GCC_WARN_64_TO_32_BIT_CONVERSION = YES;
				GCC_WARN_ABOUT_RETURN_TYPE = YES_ERROR;
				GCC_WARN_UNDECLARED_SELECTOR = YES;
				GCC_WARN_UNINITIALIZED_AUTOS = YES_AGGRESSIVE;
				GCC_WARN_UNUSED_FUNCTION = YES;
				GCC_WARN_UNUSED_VARIABLE = YES;
				IPHONEOS_DEPLOYMENT_TARGET = 11.4;
				MTL_ENABLE_DEBUG_INFO = YES;
				ONLY_ACTIVE_ARCH = YES;
				SDKROOT = iphoneos;
				SWIFT_ACTIVE_COMPILATION_CONDITIONS = DEBUG;
				SWIFT_OPTIMIZATION_LEVEL = "-Onone";
			};
			name = Debug;
		};
		3D1577EF2179226C00FCA972 /* Release */ = {
			isa = XCBuildConfiguration;
			buildSettings = {
				ALWAYS_SEARCH_USER_PATHS = NO;
				CLANG_ANALYZER_NONNULL = YES;
				CLANG_ANALYZER_NUMBER_OBJECT_CONVERSION = YES_AGGRESSIVE;
				CLANG_CXX_LANGUAGE_STANDARD = "gnu++14";
				CLANG_CXX_LIBRARY = "libc++";
				CLANG_ENABLE_MODULES = YES;
				CLANG_ENABLE_OBJC_ARC = YES;
				CLANG_ENABLE_OBJC_WEAK = YES;
				CLANG_WARN_BLOCK_CAPTURE_AUTORELEASING = YES;
				CLANG_WARN_BOOL_CONVERSION = YES;
				CLANG_WARN_COMMA = YES;
				CLANG_WARN_CONSTANT_CONVERSION = YES;
				CLANG_WARN_DEPRECATED_OBJC_IMPLEMENTATIONS = YES;
				CLANG_WARN_DIRECT_OBJC_ISA_USAGE = YES_ERROR;
				CLANG_WARN_DOCUMENTATION_COMMENTS = YES;
				CLANG_WARN_EMPTY_BODY = YES;
				CLANG_WARN_ENUM_CONVERSION = YES;
				CLANG_WARN_INFINITE_RECURSION = YES;
				CLANG_WARN_INT_CONVERSION = YES;
				CLANG_WARN_NON_LITERAL_NULL_CONVERSION = YES;
				CLANG_WARN_OBJC_IMPLICIT_RETAIN_SELF = YES;
				CLANG_WARN_OBJC_LITERAL_CONVERSION = YES;
				CLANG_WARN_OBJC_ROOT_CLASS = YES_ERROR;
				CLANG_WARN_RANGE_LOOP_ANALYSIS = YES;
				CLANG_WARN_STRICT_PROTOTYPES = YES;
				CLANG_WARN_SUSPICIOUS_MOVE = YES;
				CLANG_WARN_UNGUARDED_AVAILABILITY = YES_AGGRESSIVE;
				CLANG_WARN_UNREACHABLE_CODE = YES;
				CLANG_WARN__DUPLICATE_METHOD_MATCH = YES;
				CODE_SIGN_IDENTITY = "iPhone Developer";
				COPY_PHASE_STRIP = NO;
				DEBUG_INFORMATION_FORMAT = "dwarf-with-dsym";
				ENABLE_NS_ASSERTIONS = NO;
				ENABLE_STRICT_OBJC_MSGSEND = YES;
				GCC_C_LANGUAGE_STANDARD = gnu11;
				GCC_NO_COMMON_BLOCKS = YES;
				GCC_WARN_64_TO_32_BIT_CONVERSION = YES;
				GCC_WARN_ABOUT_RETURN_TYPE = YES_ERROR;
				GCC_WARN_UNDECLARED_SELECTOR = YES;
				GCC_WARN_UNINITIALIZED_AUTOS = YES_AGGRESSIVE;
				GCC_WARN_UNUSED_FUNCTION = YES;
				GCC_WARN_UNUSED_VARIABLE = YES;
				IPHONEOS_DEPLOYMENT_TARGET = 11.4;
				MTL_ENABLE_DEBUG_INFO = NO;
				SDKROOT = iphoneos;
				SWIFT_COMPILATION_MODE = wholemodule;
				SWIFT_OPTIMIZATION_LEVEL = "-O";
				VALIDATE_PRODUCT = YES;
			};
			name = Release;
		};
		3D1577F12179226C00FCA972 /* Debug */ = {
			isa = XCBuildConfiguration;
			buildSettings = {
				ASSETCATALOG_COMPILER_APPICON_NAME = AppIcon;
				CODE_SIGN_STYLE = Automatic;
				INFOPLIST_FILE = ClimaBetin/Info.plist;
				LD_RUNPATH_SEARCH_PATHS = (
					"$(inherited)",
					"@executable_path/Frameworks",
				);
				PRODUCT_BUNDLE_IDENTIFIER = edu.ulsa.ClimaBetin;
				PRODUCT_NAME = "$(TARGET_NAME)";
				SWIFT_VERSION = 4.0;
				TARGETED_DEVICE_FAMILY = "1,2";
			};
			name = Debug;
		};
		3D1577F22179226C00FCA972 /* Release */ = {
			isa = XCBuildConfiguration;
			buildSettings = {
				ASSETCATALOG_COMPILER_APPICON_NAME = AppIcon;
				CODE_SIGN_STYLE = Automatic;
				INFOPLIST_FILE = ClimaBetin/Info.plist;
				LD_RUNPATH_SEARCH_PATHS = (
					"$(inherited)",
					"@executable_path/Frameworks",
				);
				PRODUCT_BUNDLE_IDENTIFIER = edu.ulsa.ClimaBetin;
				PRODUCT_NAME = "$(TARGET_NAME)";
				SWIFT_VERSION = 4.0;
				TARGETED_DEVICE_FAMILY = "1,2";
			};
			name = Release;
		};
		3D1577F42179226C00FCA972 /* Debug */ = {
			isa = XCBuildConfiguration;
			buildSettings = {
				ALWAYS_EMBED_SWIFT_STANDARD_LIBRARIES = YES;
				BUNDLE_LOADER = "$(TEST_HOST)";
				CODE_SIGN_STYLE = Automatic;
				INFOPLIST_FILE = ClimaBetinTests/Info.plist;
				LD_RUNPATH_SEARCH_PATHS = (
					"$(inherited)",
					"@executable_path/Frameworks",
					"@loader_path/Frameworks",
				);
				PRODUCT_BUNDLE_IDENTIFIER = edu.ulsa.ClimaBetinTests;
				PRODUCT_NAME = "$(TARGET_NAME)";
				SWIFT_VERSION = 4.0;
				TARGETED_DEVICE_FAMILY = "1,2";
				TEST_HOST = "$(BUILT_PRODUCTS_DIR)/ClimaBetin.app/ClimaBetin";
			};
			name = Debug;
		};
		3D1577F52179226C00FCA972 /* Release */ = {
			isa = XCBuildConfiguration;
			buildSettings = {
				ALWAYS_EMBED_SWIFT_STANDARD_LIBRARIES = YES;
				BUNDLE_LOADER = "$(TEST_HOST)";
				CODE_SIGN_STYLE = Automatic;
				INFOPLIST_FILE = ClimaBetinTests/Info.plist;
				LD_RUNPATH_SEARCH_PATHS = (
					"$(inherited)",
					"@executable_path/Frameworks",
					"@loader_path/Frameworks",
				);
				PRODUCT_BUNDLE_IDENTIFIER = edu.ulsa.ClimaBetinTests;
				PRODUCT_NAME = "$(TARGET_NAME)";
				SWIFT_VERSION = 4.0;
				TARGETED_DEVICE_FAMILY = "1,2";
				TEST_HOST = "$(BUILT_PRODUCTS_DIR)/ClimaBetin.app/ClimaBetin";
			};
			name = Release;
		};
		3D1577F72179226C00FCA972 /* Debug */ = {
			isa = XCBuildConfiguration;
			buildSettings = {
				ALWAYS_EMBED_SWIFT_STANDARD_LIBRARIES = YES;
				CODE_SIGN_STYLE = Automatic;
				INFOPLIST_FILE = ClimaBetinUITests/Info.plist;
				LD_RUNPATH_SEARCH_PATHS = (
					"$(inherited)",
					"@executable_path/Frameworks",
					"@loader_path/Frameworks",
				);
				PRODUCT_BUNDLE_IDENTIFIER = edu.ulsa.ClimaBetinUITests;
				PRODUCT_NAME = "$(TARGET_NAME)";
				SWIFT_VERSION = 4.0;
				TARGETED_DEVICE_FAMILY = "1,2";
				TEST_TARGET_NAME = ClimaBetin;
			};
			name = Debug;
		};
		3D1577F82179226C00FCA972 /* Release */ = {
			isa = XCBuildConfiguration;
			buildSettings = {
				ALWAYS_EMBED_SWIFT_STANDARD_LIBRARIES = YES;
				CODE_SIGN_STYLE = Automatic;
				INFOPLIST_FILE = ClimaBetinUITests/Info.plist;
				LD_RUNPATH_SEARCH_PATHS = (
					"$(inherited)",
					"@executable_path/Frameworks",
					"@loader_path/Frameworks",
				);
				PRODUCT_BUNDLE_IDENTIFIER = edu.ulsa.ClimaBetinUITests;
				PRODUCT_NAME = "$(TARGET_NAME)";
				SWIFT_VERSION = 4.0;
				TARGETED_DEVICE_FAMILY = "1,2";
				TEST_TARGET_NAME = ClimaBetin;
			};
			name = Release;
		};
/* End XCBuildConfiguration section */

/* Begin XCConfigurationList section */
		3D1577C32179225A00FCA972 /* Build configuration list for PBXProject "ClimaBetin" */ = {
			isa = XCConfigurationList;
			buildConfigurations = (
				3D1577EE2179226C00FCA972 /* Debug */,
				3D1577EF2179226C00FCA972 /* Release */,
			);
			defaultConfigurationIsVisible = 0;
			defaultConfigurationName = Release;
		};
		3D1577F02179226C00FCA972 /* Build configuration list for PBXNativeTarget "ClimaBetin" */ = {
			isa = XCConfigurationList;
			buildConfigurations = (
				3D1577F12179226C00FCA972 /* Debug */,
				3D1577F22179226C00FCA972 /* Release */,
			);
			defaultConfigurationIsVisible = 0;
			defaultConfigurationName = Release;
		};
		3D1577F32179226C00FCA972 /* Build configuration list for PBXNativeTarget "ClimaBetinTests" */ = {
			isa = XCConfigurationList;
			buildConfigurations = (
				3D1577F42179226C00FCA972 /* Debug */,
				3D1577F52179226C00FCA972 /* Release */,
			);
			defaultConfigurationIsVisible = 0;
			defaultConfigurationName = Release;
		};
		3D1577F62179226C00FCA972 /* Build configuration list for PBXNativeTarget "ClimaBetinUITests" */ = {
			isa = XCConfigurationList;
			buildConfigurations = (
				3D1577F72179226C00FCA972 /* Debug */,
				3D1577F82179226C00FCA972 /* Release */,
			);
			defaultConfigurationIsVisible = 0;
			defaultConfigurationName = Release;
		};
/* End XCConfigurationList section */
	};
	rootObject = 3D1577C02179225900FCA972 /* Project object */;
}
